
Microsoft Visual Studio Solution File, Format Version 12.00
# Visual Studio 15
VisualStudioVersion = 15.0.34031.82
MinimumVisualStudioVersion = 10.0.40219.1
Project("{8BC9CEB8-8B4A-11D0-8D11-00A0C91BC942}") = "Project5.34", "Project5.34\Project5.34.vcxproj", "{AC0AE473-2D41-4863-8EA8-4EE8639F2402}"
EndProject
Global
	GlobalSection(SolutionConfigurationPlatforms) = preSolution
		Debug|x64 = Debug|x64
		Debug|x86 = Debug|x86
		Release|x64 = Release|x64
		Release|x86 = Release|x86
	EndGlobalSection
	GlobalSection(ProjectConfigurationPlatforms) = postSolution
		{AC0AE473-2D41-4863-8EA8-4EE8639F2402}.Debug|x64.ActiveCfg = Debug|x64
		{AC0AE473-2D41-4863-8EA8-4EE8639F2402}.Debug|x64.Build.0 = Debug|x64
		{AC0AE473-2D41-4863-8EA8-4EE8639F2402}.Debug|x86.ActiveCfg = Debug|Win32
		{AC0AE473-2D41-4863-8EA8-4EE8639F2402}.Debug|x86.Build.0 = Debug|Win32
		{AC0AE473-2D41-4863-8EA8-4EE8639F2402}.Release|x64.ActiveCfg = Release|x64
		{AC0AE473-2D41-4863-8EA8-4EE8639F2402}.Release|x64.Build.0 = Release|x64
		{AC0AE473-2D41-4863-8EA8-4EE8639F2402}.Release|x86.ActiveCfg = Release|Win32
		{AC0AE473-2D41-4863-8EA8-4EE8639F2402}.Release|x86.Build.0 = Release|Win32
	EndGlobalSection
	GlobalSection(SolutionProperties) = preSolution
		HideSolutionNode = FALSE
	EndGlobalSection
	GlobalSection(ExtensibilityGlobals) = postSolution
		SolutionGuid = {75BC022F-FC36-4DCD-990F-DA2F5AA999AE}
	EndGlobalSection
EndGlobal
